
Microsoft Visual Studio Solution File, Format Version 12.00
# Visual Studio Version 17
VisualStudioVersion = 17.0.32014.148
MinimumVisualStudioVersion = 10.0.40219.1
Project("{FAE04EC0-301F-11D3-BF4B-00C04F79EFBC}") = "gitDemo", "gitDemo\gitDemo.csproj", "{2EA72E41-43DF-49F9-A262-680C69479EFB}"
EndProject
Global
	GlobalSection(SolutionConfigurationPlatforms) = preSolution
		Debug|Any CPU = Debug|Any CPU
		Release|Any CPU = Release|Any CPU
	EndGlobalSection
	GlobalSection(ProjectConfigurationPlatforms) = postSolution
		{2EA72E41-43DF-49F9-A262-680C69479EFB}.Debug|Any CPU.ActiveCfg = Debug|Any CPU
		{2EA72E41-43DF-49F9-A262-680C69479EFB}.Debug|Any CPU.Build.0 = Debug|Any CPU
		{2EA72E41-43DF-49F9-A262-680C69479EFB}.Release|Any CPU.ActiveCfg = Release|Any CPU
		{2EA72E41-43DF-49F9-A262-680C69479EFB}.Release|Any CPU.Build.0 = Release|Any CPU
	EndGlobalSection
	GlobalSection(SolutionProperties) = preSolution
		HideSolutionNode = FALSE
	EndGlobalSection
	GlobalSection(ExtensibilityGlobals) = postSolution
		SolutionGuid = {A79F4D47-A961-4336-A2FA-67C3F4177B1F}
	EndGlobalSection
EndGlobal
